<?xml version="1.0" encoding="utf-8"?>
<Project ToolsVersion="4.0" xmlns="http://schemas.microsoft.com/developer/msbuild/2003">
  <ItemGroup>
    <FxCompile Include="HLSL\DebugPS.hlsl">
      <Filter>HLSL</Filter>
    </FxCompile>
    <FxCompile Include="HLSL\DebugVS.hlsl">
      <Filter>HLSL</Filter>
    </FxCompile>
    <FxCompile Include="HLSL\ImGuiPS.hlsl">
      <Filter>HLSL</Filter>
    </FxCompile>
    <FxCompile Include="HLSL\ImGuiVS.hlsl">
      <Filter>HLSL</Filter>
    </FxCompile>
    <FxCompile Include="HLSL\LambertPS.hlsl">
      <Filter>HLSL</Filter>
    </FxCompile>
    <FxCompile Include="HLSL\LambertVS.hlsl">
      <Filter>HLSL</Filter>
    </FxCompile>
    <FxCompile Include="HLSL\LinePS.hlsl">
      <Filter>HLSL</Filter>
    </FxCompile>
    <FxCompile Include="HLSL\LineVS.hlsl">
      <Filter>HLSL</Filter>
    </FxCompile>
    <FxCompile Include="HLSL\SpritePS.hlsl">
      <Filter>HLSL</Filter>
    </FxCompile>
    <FxCompile Include="HLSL\SpriteVS.hlsl">
      <Filter>HLSL</Filter>
    </FxCompile>
    <FxCompile Include="HLSL\PhongPS.hlsl" />
    <FxCompile Include="HLSL\PhongVS.hlsl" />
  </ItemGroup>
  <ItemGroup>
    <ClCompile Include="Source\camera.cpp" />
    <ClCompile Include="Source\CameraController.cpp" />
    <ClCompile Include="Source\character.cpp" />
    <ClCompile Include="Source\Collision.cpp" />
    <ClCompile Include="Source\Effeck.cpp" />
    <ClCompile Include="Source\enemy.cpp" />
    <ClCompile Include="Source\EnemyBoss.cpp" />
    <ClCompile Include="Source\enemySlaime.cpp" />
    <ClCompile Include="Source\FierdBuff.cpp" />
    <ClCompile Include="Source\Framework.cpp" />
    <ClCompile Include="Source\Logger.cpp" />
    <ClCompile Include="Source\Main.cpp" />
    <ClCompile Include="Source\mathf.cpp" />
    <ClCompile Include="Source\player.cpp" />
    <ClCompile Include="Source\projectile.cpp" />
    <ClCompile Include="Source\ProjectileStraight.cpp" />
    <ClCompile Include="Source\SceneGame.cpp" />
    <ClCompile Include="Source\SceneLoading.cpp" />
    <ClCompile Include="Source\SceneTitle.cpp" />
    <ClCompile Include="Source\Stage.cpp" />
    <ClCompile Include="Source\stageMain.cpp" />
    <ClCompile Include="Source\StageMoveFloor.cpp" />
    <ClCompile Include="Source\Audio\Audio.cpp">
      <Filter>Source\Audio</Filter>
    </ClCompile>
    <ClCompile Include="Source\Audio\AudioResource.cpp">
      <Filter>Source\Audio</Filter>
    </ClCompile>
    <ClCompile Include="Source\Audio\AudioSource.cpp">
      <Filter>Source\Audio</Filter>
    </ClCompile>
    <ClCompile Include="Source\Graphics\DebugRenderer.cpp">
      <Filter>Source\Graphics</Filter>
    </ClCompile>
    <ClCompile Include="Source\Graphics\DefaultSpriteShader.cpp">
      <Filter>Source\Graphics</Filter>
    </ClCompile>
    <ClCompile Include="Source\Graphics\Graphics.cpp">
      <Filter>Source\Graphics</Filter>
    </ClCompile>
    <ClCompile Include="Source\Graphics\ImGuiRenderer.cpp">
      <Filter>Source\Graphics</Filter>
    </ClCompile>
    <ClCompile Include="Source\Graphics\LambertShader.cpp">
      <Filter>Source\Graphics</Filter>
    </ClCompile>
    <ClCompile Include="Source\Graphics\LineRenderer.cpp">
      <Filter>Source\Graphics</Filter>
    </ClCompile>
    <ClCompile Include="Source\Graphics\MaskShader.cpp">
      <Filter>Source\Graphics</Filter>
    </ClCompile>
    <ClCompile Include="Source\Graphics\Model.cpp">
      <Filter>Source\Graphics</Filter>
    </ClCompile>
    <ClCompile Include="Source\Graphics\ModelResource.cpp">
      <Filter>Source\Graphics</Filter>
    </ClCompile>
    <ClCompile Include="Source\Graphics\Sprite.cpp">
      <Filter>Source\Graphics</Filter>
    </ClCompile>
    <ClCompile Include="Source\Input\GamePad.cpp">
      <Filter>Source\Input</Filter>
    </ClCompile>
    <ClCompile Include="Source\Input\Input.cpp">
      <Filter>Source\Input</Filter>
    </ClCompile>
    <ClCompile Include="Source\Input\Mouse.cpp">
      <Filter>Source\Input</Filter>
    </ClCompile>
    <ClCompile Include="Source\EffectManager.cpp">
      <Filter>Source\Manager関連\ソース</Filter>
    </ClCompile>
    <ClCompile Include="Source\enemyManager.cpp">
      <Filter>Source\Manager関連\ソース</Filter>
    </ClCompile>
    <ClCompile Include="Source\PlayerManager.cpp">
      <Filter>Source\Manager関連\ソース</Filter>
    </ClCompile>
    <ClCompile Include="Source\ProjectileManager.cpp">
      <Filter>Source\Manager関連\ソース</Filter>
    </ClCompile>
    <ClCompile Include="Source\ResouceManager.cpp">
      <Filter>Source\Manager関連\ソース</Filter>
    </ClCompile>
    <ClCompile Include="Source\SceneManager.cpp">
      <Filter>Source\Manager関連\ソース</Filter>
    </ClCompile>
    <ClCompile Include="Source\StageManager.cpp">
      <Filter>Source\Manager関連\ソース</Filter>
    </ClCompile>
    <ClCompile Include="External\DirectXTex\WICTextureLoader.cpp">
      <Filter>External\DirectXTex</Filter>
    </ClCompile>
    <ClCompile Include="External\imgui\imgui.cpp">
      <Filter>External\imgui</Filter>
    </ClCompile>
    <ClCompile Include="External\imgui\imgui_demo.cpp">
      <Filter>External\imgui</Filter>
    </ClCompile>
    <ClCompile Include="External\imgui\imgui_draw.cpp">
      <Filter>External\imgui</Filter>
    </ClCompile>
    <ClCompile Include="External\imgui\imgui_widgets.cpp">
      <Filter>External\imgui</Filter>
    </ClCompile>
    <ClCompile Include="Source\ProjectileHoming.cpp" />
    <ClCompile Include="Source\Graphics\Light.cpp" />
    <ClCompile Include="Source\Graphics\PhongShader.cpp" />
    <ClCompile Include="Source\SceneOver.cpp">
      <Filter>Source</Filter>
    </ClCompile>
    <ClCompile Include="Source\SceneClear.cpp">
      <Filter>Source</Filter>
    </ClCompile>
    <ClCompile Include="Source\TargetPoint.cpp" />
  </ItemGroup>
  <ItemGroup>
    <ClInclude Include="Source\mathf.h" />
    <ClInclude Include="Source\Misc.h" />
    <ClInclude Include="Source\projectile.h" />
    <ClInclude Include="Source\Audio\Audio.h">
      <Filter>Source\Audio</Filter>
    </ClInclude>
    <ClInclude Include="Source\Audio\AudioResource.h">
      <Filter>Source\Audio</Filter>
    </ClInclude>
    <ClInclude Include="Source\Audio\AudioSource.h">
      <Filter>Source\Audio</Filter>
    </ClInclude>
    <ClInclude Include="Source\Graphics\DebugRenderer.h">
      <Filter>Source\Graphics</Filter>
    </ClInclude>
    <ClInclude Include="Source\Graphics\DefaultSpriteShader.h">
      <Filter>Source\Graphics</Filter>
    </ClInclude>
    <ClInclude Include="Source\Graphics\Graphics.h">
      <Filter>Source\Graphics</Filter>
    </ClInclude>
    <ClInclude Include="Source\Graphics\ImGuiRenderer.h">
      <Filter>Source\Graphics</Filter>
    </ClInclude>
    <ClInclude Include="Source\Graphics\LambertShader.h">
      <Filter>Source\Graphics</Filter>
    </ClInclude>
    <ClInclude Include="Source\Graphics\LineRenderer.h">
      <Filter>Source\Graphics</Filter>
    </ClInclude>
    <ClInclude Include="Source\Graphics\MaskShader.h">
      <Filter>Source\Graphics</Filter>
    </ClInclude>
    <ClInclude Include="Source\Graphics\Model.h">
      <Filter>Source\Graphics</Filter>
    </ClInclude>
    <ClInclude Include="Source\Graphics\ModelResource.h">
      <Filter>Source\Graphics</Filter>
    </ClInclude>
    <ClInclude Include="Source\Graphics\RenderContext.h">
      <Filter>Source\Graphics</Filter>
    </ClInclude>
    <ClInclude Include="Source\Graphics\Shader.h">
      <Filter>Source\Graphics</Filter>
    </ClInclude>
    <ClInclude Include="Source\Graphics\Sprite.h">
      <Filter>Source\Graphics</Filter>
    </ClInclude>
    <ClInclude Include="Source\Input\GamePad.h">
      <Filter>Source\Input</Filter>
    </ClInclude>
    <ClInclude Include="Source\Input\Input.h">
      <Filter>Source\Input</Filter>
    </ClInclude>
    <ClInclude Include="Source\Input\Mouse.h">
      <Filter>Source\Input</Filter>
    </ClInclude>
    <ClInclude Include="Source\EffectManager.h">
      <Filter>Source\Manager関連\ヘッダー</Filter>
    </ClInclude>
    <ClInclude Include="Source\EnemyManager.h">
      <Filter>Source\Manager関連\ヘッダー</Filter>
    </ClInclude>
    <ClInclude Include="Source\PlayerManager.h">
      <Filter>Source\Manager関連\ヘッダー</Filter>
    </ClInclude>
    <ClInclude Include="Source\projectileManager.h">
      <Filter>Source\Manager関連\ヘッダー</Filter>
    </ClInclude>
    <ClInclude Include="Source\ResouceManager.h">
      <Filter>Source\Manager関連\ヘッダー</Filter>
    </ClInclude>
    <ClInclude Include="Source\SceneManager.h">
      <Filter>Source\Manager関連\ヘッダー</Filter>
    </ClInclude>
    <ClInclude Include="Source\StageManager.h">
      <Filter>Source\Manager関連\ヘッダー</Filter>
    </ClInclude>
    <ClInclude Include="Source\camera.h">
      <Filter>Source\ヘッダー</Filter>
    </ClInclude>
    <ClInclude Include="Source\CameraController.h">
      <Filter>Source\ヘッダー</Filter>
    </ClInclude>
    <ClInclude Include="Source\character.h">
      <Filter>Source\ヘッダー</Filter>
    </ClInclude>
    <ClInclude Include="Source\collision.h">
      <Filter>Source\ヘッダー</Filter>
    </ClInclude>
    <ClInclude Include="Source\Effeck.h">
      <Filter>Source\ヘッダー</Filter>
    </ClInclude>
    <ClInclude Include="Source\enemy.h">
      <Filter>Source\ヘッダー</Filter>
    </ClInclude>
    <ClInclude Include="Source\EnemyBoss.h">
      <Filter>Source\ヘッダー</Filter>
    </ClInclude>
    <ClInclude Include="Source\enemySlaime.h">
      <Filter>Source\ヘッダー</Filter>
    </ClInclude>
    <ClInclude Include="Source\FierdBuff.h">
      <Filter>Source\ヘッダー</Filter>
    </ClInclude>
    <ClInclude Include="Source\Framework.h">
      <Filter>Source\ヘッダー</Filter>
    </ClInclude>
    <ClInclude Include="Source\HighResolutionTimer.h">
      <Filter>Source\ヘッダー</Filter>
    </ClInclude>
    <ClInclude Include="External\DirectXTex\WICTextureLoader.h">
      <Filter>External\DirectXTex</Filter>
    </ClInclude>
    <ClInclude Include="External\imgui\imconfig.h">
      <Filter>External\imgui</Filter>
    </ClInclude>
    <ClInclude Include="External\imgui\imgui.h">
      <Filter>External\imgui</Filter>
    </ClInclude>
    <ClInclude Include="External\imgui\imgui_internal.h">
      <Filter>External\imgui</Filter>
    </ClInclude>
    <ClInclude Include="External\imgui\imstb_rectpack.h">
      <Filter>External\imgui</Filter>
    </ClInclude>
    <ClInclude Include="External\imgui\imstb_textedit.h">
      <Filter>External\imgui</Filter>
    </ClInclude>
    <ClInclude Include="External\imgui\imstb_truetype.h">
      <Filter>External\imgui</Filter>
    </ClInclude>
    <ClInclude Include="Source\Logger.h" />
    <ClInclude Include="Source\player.h">
      <Filter>Source\ヘッダー</Filter>
    </ClInclude>
    <ClInclude Include="Source\ProjectileHoming.h">
      <Filter>Source\ヘッダー</Filter>
    </ClInclude>
    <ClInclude Include="Source\ProjectileStraight.h">
      <Filter>Source\ヘッダー</Filter>
    </ClInclude>
    <ClInclude Include="Source\SceneGame.h">
      <Filter>Source\ヘッダー</Filter>
    </ClInclude>
    <ClInclude Include="Source\SceneLoading.h">
      <Filter>Source\ヘッダー</Filter>
    </ClInclude>
    <ClInclude Include="Source\SceneTitle.h">
      <Filter>Source\ヘッダー</Filter>
    </ClInclude>
    <ClInclude Include="Source\scnen.h">
      <Filter>Source\ヘッダー</Filter>
    </ClInclude>
    <ClInclude Include="Source\Stage.h">
      <Filter>Source\ヘッダー</Filter>
    </ClInclude>
    <ClInclude Include="Source\stageMain.h">
      <Filter>Source\ヘッダー</Filter>
    </ClInclude>
    <ClInclude Include="Source\StageMoveFloor.h">
      <Filter>Source\ヘッダー</Filter>
    </ClInclude>
    <ClInclude Include="Source\parameter.h">
      <Filter>Source\ヘッダー</Filter>
    </ClInclude>
    <ClInclude Include="Source\Graphics\Light.h" />
    <ClInclude Include="Source\Graphics\PhongShader.h" />
    <ClInclude Include="Source\SceneOver.h">
      <Filter>Source\ヘッダー</Filter>
    </ClInclude>
    <ClInclude Include="Source\SceneClear.h">
      <Filter>Source\ヘッダー</Filter>
    </ClInclude>
    <ClInclude Include="Source\TargetPoint.h">
      <Filter>Source\ヘッダー</Filter>
    </ClInclude>
  </ItemGroup>
  <ItemGroup>
    <None Include="HLSL\Debug.hlsli">
      <Filter>HLSL</Filter>
    </None>
    <None Include="HLSL\ImGui.hlsli">
      <Filter>HLSL</Filter>
    </None>
    <None Include="HLSL\Lambert.hlsli">
      <Filter>HLSL</Filter>
    </None>
    <None Include="HLSL\Line.hlsli">
      <Filter>HLSL</Filter>
    </None>
    <None Include="HLSL\Sprite.hlsli">
      <Filter>HLSL</Filter>
    </None>
    <None Include="HLSL\Light.hlsli" />
    <None Include="HLSL\Phong.hlsli" />
  </ItemGroup>
  <ItemGroup>
    <Filter Include="Source">
      <UniqueIdentifier>{63a0e4fa-d34f-4acb-a5aa-601e9796c316}</UniqueIdentifier>
    </Filter>
    <Filter Include="Source\Audio">
      <UniqueIdentifier>{777966ac-2e09-48fc-a6e6-a0aad1ced7ad}</UniqueIdentifier>
    </Filter>
    <Filter Include="Source\Graphics">
      <UniqueIdentifier>{5e3fa6c2-c08b-41d7-bf81-672a15269276}</UniqueIdentifier>
    </Filter>
    <Filter Include="Source\Input">
      <UniqueIdentifier>{6e0fbd07-2d54-46c5-9853-7a762e5c648b}</UniqueIdentifier>
    </Filter>
    <Filter Include="Source\Manager関連">
      <UniqueIdentifier>{d764a3c9-3552-4309-8bc3-7acd47a4860b}</UniqueIdentifier>
    </Filter>
    <Filter Include="Source\Manager関連\ソース">
      <UniqueIdentifier>{ea257686-460f-4804-a885-be6313dc239e}</UniqueIdentifier>
    </Filter>
    <Filter Include="Source\Manager関連\ヘッダー">
      <UniqueIdentifier>{1ca91996-6644-4d43-98d5-4721dec64291}</UniqueIdentifier>
    </Filter>
    <Filter Include="Source\ヘッダー">
      <UniqueIdentifier>{9f1f1189-708c-440d-9c03-3426fa9112df}</UniqueIdentifier>
    </Filter>
    <Filter Include="External">
      <UniqueIdentifier>{b43e8111-d00f-4092-8a7d-2874f40554c2}</UniqueIdentifier>
    </Filter>
    <Filter Include="External\DirectXTex">
      <UniqueIdentifier>{8308a7d7-6dcd-4333-9df0-dc2a6644c57e}</UniqueIdentifier>
    </Filter>
    <Filter Include="External\imgui">
      <UniqueIdentifier>{9767aac9-0d55-43e0-91fb-8f27fe9c1b16}</UniqueIdentifier>
    </Filter>
    <Filter Include="HLSL">
      <UniqueIdentifier>{f7781e6a-ff88-4b54-a98b-e8138d14e7fc}</UniqueIdentifier>
    </Filter>
  </ItemGroup>
</Project>